
Microsoft Visual Studio Solution File, Format Version 12.00
# Visual Studio Version 16
VisualStudioVersion = 16.0.30413.136
MinimumVisualStudioVersion = 10.0.40219.1
Project("{FAE04EC0-301F-11D3-BF4B-00C04F79EFBC}") = "FirstDotNetCore", "FirstDotNetCore.csproj", "{392F98EB-79C2-4586-9435-AAD768DC8FD8}"
EndProject
Global
	GlobalSection(SolutionConfigurationPlatforms) = preSolution
		Debug|Any CPU = Debug|Any CPU
		Release|Any CPU = Release|Any CPU
	EndGlobalSection
	GlobalSection(ProjectConfigurationPlatforms) = postSolution
		{392F98EB-79C2-4586-9435-AAD768DC8FD8}.Debug|Any CPU.ActiveCfg = Debug|Any CPU
		{392F98EB-79C2-4586-9435-AAD768DC8FD8}.Debug|Any CPU.Build.0 = Debug|Any CPU
		{392F98EB-79C2-4586-9435-AAD768DC8FD8}.Release|Any CPU.ActiveCfg = Release|Any CPU
		{392F98EB-79C2-4586-9435-AAD768DC8FD8}.Release|Any CPU.Build.0 = Release|Any CPU
	EndGlobalSection
	GlobalSection(SolutionProperties) = preSolution
		HideSolutionNode = FALSE
	EndGlobalSection
	GlobalSection(ExtensibilityGlobals) = postSolution
		SolutionGuid = {08FCDC94-E514-4E72-A869-F965FE90B4A0}
	EndGlobalSection
EndGlobal
